// !$*UTF8*$!
{
	archiveVersion = 1;
	classes = {
	};
	objectVersion = 50;
	objects = {

/* Begin PBXBuildFile section */
		6B4668F027118DF5001EEE13 /* ViewController2.swift in Sources */ = {isa = PBXBuildFile; fileRef = 6B4668EF27118DF5001EEE13 /* ViewController2.swift */; };
		6B4668F22711A6DE001EEE13 /* customTableViewCell.swift in Sources */ = {isa = PBXBuildFile; fileRef = 6B4668F12711A6DE001EEE13 /* customTableViewCell.swift */; };
		6B87675C270EF00C00343031 /* AppDelegate.swift in Sources */ = {isa = PBXBuildFile; fileRef = 6B87675B270EF00C00343031 /* AppDelegate.swift */; };
		6B87675E270EF00C00343031 /* SceneDelegate.swift in Sources */ = {isa = PBXBuildFile; fileRef = 6B87675D270EF00C00343031 /* SceneDelegate.swift */; };
		6B876760270EF00C00343031 /* ViewController.swift in Sources */ = {isa = PBXBuildFile; fileRef = 6B87675F270EF00C00343031 /* ViewController.swift */; };
		6B876763270EF00C00343031 /* Main.storyboard in Resources */ = {isa = PBXBuildFile; fileRef = 6B876761270EF00C00343031 /* Main.storyboard */; };
		6B876765270EF00E00343031 /* Assets.xcassets in Resources */ = {isa = PBXBuildFile; fileRef = 6B876764270EF00E00343031 /* Assets.xcassets */; };
		6B876768270EF00E00343031 /* LaunchScreen.storyboard in Resources */ = {isa = PBXBuildFile; fileRef = 6B876766270EF00E00343031 /* LaunchScreen.storyboard */; };
		6B876773270EF00E00343031 /* UTS_c14190189Tests.swift in Sources */ = {isa = PBXBuildFile; fileRef = 6B876772270EF00E00343031 /* UTS_c14190189Tests.swift */; };
		6B87677E270EF00E00343031 /* UTS_c14190189UITests.swift in Sources */ = {isa = PBXBuildFile; fileRef = 6B87677D270EF00E00343031 /* UTS_c14190189UITests.swift */; };
		6B9D4B942719928D00F39B96 /* customTableVIewCell2.swift in Sources */ = {isa = PBXBuildFile; fileRef = 6B9D4B932719928D00F39B96 /* customTableVIewCell2.swift */; };
/* End PBXBuildFile section */

/* Begin PBXContainerItemProxy section */
		6B87676F270EF00E00343031 /* PBXContainerItemProxy */ = {
			isa = PBXContainerItemProxy;
			containerPortal = 6B876750270EF00C00343031 /* Project object */;
			proxyType = 1;
			remoteGlobalIDString = 6B876757270EF00C00343031;
			remoteInfo = UTS_c14190189;
		};
		6B87677A270EF00E00343031 /* PBXContainerItemProxy */ = {
			isa = PBXContainerItemProxy;
			containerPortal = 6B876750270EF00C00343031 /* Project object */;
			proxyType = 1;
			remoteGlobalIDString = 6B876757270EF00C00343031;
			remoteInfo = UTS_c14190189;
		};
/* End PBXContainerItemProxy section */

/* Begin PBXFileReference section */
		6B4668EF27118DF5001EEE13 /* ViewController2.swift */ = {isa = PBXFileReference; lastKnownFileType = sourcecode.swift; path = ViewController2.swift; sourceTree = "<group>"; };
		6B4668F12711A6DE001EEE13 /* customTableViewCell.swift */ = {isa = PBXFileReference; lastKnownFileType = sourcecode.swift; path = customTableViewCell.swift; sourceTree = "<group>"; };
		6B876758270EF00C00343031 /* UTS_c14190189.app */ = {isa = PBXFileReference; explicitFileType = wrapper.application; includeInIndex = 0; path = UTS_c14190189.app; sourceTree = BUILT_PRODUCTS_DIR; };
		6B87675B270EF00C00343031 /* AppDelegate.swift */ = {isa = PBXFileReference; lastKnownFileType = sourcecode.swift; path = AppDelegate.swift; sourceTree = "<group>"; };
		6B87675D270EF00C00343031 /* SceneDelegate.swift */ = {isa = PBXFileReference; lastKnownFileType = sourcecode.swift; path = SceneDelegate.swift; sourceTree = "<group>"; };
		6B87675F270EF00C00343031 /* ViewController.swift */ = {isa = PBXFileReference; lastKnownFileType = sourcecode.swift; path = ViewController.swift; sourceTree = "<group>"; };
		6B876762270EF00C00343031 /* Base */ = {isa = PBXFileReference; lastKnownFileType = file.storyboard; name = Base; path = Base.lproj/Main.storyboard; sourceTree = "<group>"; };
		6B876764270EF00E00343031 /* Assets.xcassets */ = {isa = PBXFileReference; lastKnownFileType = folder.assetcatalog; path = Assets.xcassets; sourceTree = "<group>"; };
		6B876767270EF00E00343031 /* Base */ = {isa = PBXFileReference; lastKnownFileType = file.storyboard; name = Base; path = Base.lproj/LaunchScreen.storyboard; sourceTree = "<group>"; };
		6B876769270EF00E00343031 /* Info.plist */ = {isa = PBXFileReference; lastKnownFileType = text.plist.xml; path = Info.plist; sourceTree = "<group>"; };
		6B87676E270EF00E00343031 /* UTS_c14190189Tests.xctest */ = {isa = PBXFileReference; explicitFileType = wrapper.cfbundle; includeInIndex = 0; path = UTS_c14190189Tests.xctest; sourceTree = BUILT_PRODUCTS_DIR; };
		6B876772270EF00E00343031 /* UTS_c14190189Tests.swift */ = {isa = PBXFileReference; lastKnownFileType = sourcecode.swift; path = UTS_c14190189Tests.swift; sourceTree = "<group>"; };
		6B876774270EF00E00343031 /* Info.plist */ = {isa = PBXFileReference; lastKnownFileType = text.plist.xml; path = Info.plist; sourceTree = "<group>"; };
		6B876779270EF00E00343031 /* UTS_c14190189UITests.xctest */ = {isa = PBXFileReference; explicitFileType = wrapper.cfbundle; includeInIndex = 0; path = UTS_c14190189UITests.xctest; sourceTree = BUILT_PRODUCTS_DIR; };
		6B87677D270EF00E00343031 /* UTS_c14190189UITests.swift */ = {isa = PBXFileReference; lastKnownFileType = sourcecode.swift; path = UTS_c14190189UITests.swift; sourceTree = "<group>"; };
		6B87677F270EF00E00343031 /* Info.plist */ = {isa = PBXFileReference; lastKnownFileType = text.plist.xml; path = Info.plist; sourceTree = "<group>"; };
		6B9D4B932719928D00F39B96 /* customTableVIewCell2.swift */ = {isa = PBXFileReference; lastKnownFileType = sourcecode.swift; path = customTableVIewCell2.swift; sourceTree = "<group>"; };
/* End PBXFileReference section */

/* Begin PBXFrameworksBuildPhase section */
		6B876755270EF00C00343031 /* Frameworks */ = {
			isa = PBXFrameworksBuildPhase;
			buildActionMask = 2147483647;
			files = (
			);
			runOnlyForDeploymentPostprocessing = 0;
		};
		6B87676B270EF00E00343031 /* Frameworks */ = {
			isa = PBXFrameworksBuildPhase;
			buildActionMask = 2147483647;
			files = (
			);
			runOnlyForDeploymentPostprocessing = 0;
		};
		6B876776270EF00E00343031 /* Frameworks */ = {
			isa = PBXFrameworksBuildPhase;
			buildActionMask = 2147483647;
			files = (
			);
			runOnlyForDeploymentPostprocessing = 0;
		};
/* End PBXFrameworksBuildPhase section */

/* Begin PBXGroup section */
		6B87674F270EF00C00343031 = {
			isa = PBXGroup;
			children = (
				6B87675A270EF00C00343031 /* UTS_c14190189 */,
				6B876771270EF00E00343031 /* UTS_c14190189Tests */,
				6B87677C270EF00E00343031 /* UTS_c14190189UITests */,
				6B876759270EF00C00343031 /* Products */,
			);
			sourceTree = "<group>";
		};
		6B876759270EF00C00343031 /* Products */ = {
			isa = PBXGroup;
			children = (
				6B876758270EF00C00343031 /* UTS_c14190189.app */,
				6B87676E270EF00E00343031 /* UTS_c14190189Tests.xctest */,
				6B876779270EF00E00343031 /* UTS_c14190189UITests.xctest */,
			);
			name = Products;
			sourceTree = "<group>";
		};
		6B87675A270EF00C00343031 /* UTS_c14190189 */ = {
			isa = PBXGroup;
			children = (
				6B87675B270EF00C00343031 /* AppDelegate.swift */,
				6B87675D270EF00C00343031 /* SceneDelegate.swift */,
				6B87675F270EF00C00343031 /* ViewController.swift */,
				6B876761270EF00C00343031 /* Main.storyboard */,
				6B4668EF27118DF5001EEE13 /* ViewController2.swift */,
				6B876764270EF00E00343031 /* Assets.xcassets */,
				6B876766270EF00E00343031 /* LaunchScreen.storyboard */,
				6B876769270EF00E00343031 /* Info.plist */,
				6B4668F12711A6DE001EEE13 /* customTableViewCell.swift */,
				6B9D4B932719928D00F39B96 /* customTableVIewCell2.swift */,
			);
			path = UTS_c14190189;
			sourceTree = "<group>";
		};
		6B876771270EF00E00343031 /* UTS_c14190189Tests */ = {
			isa = PBXGroup;
			children = (
				6B876772270EF00E00343031 /* UTS_c14190189Tests.swift */,
				6B876774270EF00E00343031 /* Info.plist */,
			);
			path = UTS_c14190189Tests;
			sourceTree = "<group>";
		};
		6B87677C270EF00E00343031 /* UTS_c14190189UITests */ = {
			isa = PBXGroup;
			children = (
				6B87677D270EF00E00343031 /* UTS_c14190189UITests.swift */,
				6B87677F270EF00E00343031 /* Info.plist */,
			);
			path = UTS_c14190189UITests;
			sourceTree = "<group>";
		};
/* End PBXGroup section */

/* Begin PBXNativeTarget section */
		6B876757270EF00C00343031 /* UTS_c14190189 */ = {
			isa = PBXNativeTarget;
			buildConfigurationList = 6B876782270EF00E00343031 /* Build configuration list for PBXNativeTarget "UTS_c14190189" */;
			buildPhases = (
				6B876754270EF00C00343031 /* Sources */,
				6B876755270EF00C00343031 /* Frameworks */,
				6B876756270EF00C00343031 /* Resources */,
			);
			buildRules = (
			);
			dependencies = (
			);
			name = UTS_c14190189;
			productName = UTS_c14190189;
			productReference = 6B876758270EF00C00343031 /* UTS_c14190189.app */;
			productType = "com.apple.product-type.application";
		};
		6B87676D270EF00E00343031 /* UTS_c14190189Tests */ = {
			isa = PBXNativeTarget;
			buildConfigurationList = 6B876785270EF00E00343031 /* Build configuration list for PBXNativeTarget "UTS_c14190189Tests" */;
			buildPhases = (
				6B87676A270EF00E00343031 /* Sources */,
				6B87676B270EF00E00343031 /* Frameworks */,
				6B87676C270EF00E00343031 /* Resources */,
			);
			buildRules = (
			);
			dependencies = (
				6B876770270EF00E00343031 /* PBXTargetDependency */,
			);
			name = UTS_c14190189Tests;
			productName = UTS_c14190189Tests;
			productReference = 6B87676E270EF00E00343031 /* UTS_c14190189Tests.xctest */;
			productType = "com.apple.product-type.bundle.unit-test";
		};
		6B876778270EF00E00343031 /* UTS_c14190189UITests */ = {
			isa = PBXNativeTarget;
			buildConfigurationList = 6B876788270EF00E00343031 /* Build configuration list for PBXNativeTarget "UTS_c14190189UITests" */;
			buildPhases = (
				6B876775270EF00E00343031 /* Sources */,
				6B876776270EF00E00343031 /* Frameworks */,
				6B876777270EF00E00343031 /* Resources */,
			);
			buildRules = (
			);
			dependencies = (
				6B87677B270EF00E00343031 /* PBXTargetDependency */,
			);
			name = UTS_c14190189UITests;
			productName = UTS_c14190189UITests;
			productReference = 6B876779270EF00E00343031 /* UTS_c14190189UITests.xctest */;
			productType = "com.apple.product-type.bundle.ui-testing";
		};
/* End PBXNativeTarget section */

/* Begin PBXProject section */
		6B876750270EF00C00343031 /* Project object */ = {
			isa = PBXProject;
			attributes = {
				LastSwiftUpdateCheck = 1250;
				LastUpgradeCheck = 1250;
				TargetAttributes = {
					6B876757270EF00C00343031 = {
						CreatedOnToolsVersion = 12.5.1;
					};
					6B87676D270EF00E00343031 = {
						CreatedOnToolsVersion = 12.5.1;
						TestTargetID = 6B876757270EF00C00343031;
					};
					6B876778270EF00E00343031 = {
						CreatedOnToolsVersion = 12.5.1;
						TestTargetID = 6B876757270EF00C00343031;
					};
				};
			};
			buildConfigurationList = 6B876753270EF00C00343031 /* Build configuration list for PBXProject "UTS_c14190189" */;
			compatibilityVersion = "Xcode 9.3";
			developmentRegion = en;
			hasScannedForEncodings = 0;
			knownRegions = (
				en,
				Base,
			);
			mainGroup = 6B87674F270EF00C00343031;
			productRefGroup = 6B876759270EF00C00343031 /* Products */;
			projectDirPath = "";
			projectRoot = "";
			targets = (
				6B876757270EF00C00343031 /* UTS_c14190189 */,
				6B87676D270EF00E00343031 /* UTS_c14190189Tests */,
				6B876778270EF00E00343031 /* UTS_c14190189UITests */,
			);
		};
/* End PBXProject section */

/* Begin PBXResourcesBuildPhase section */
		6B876756270EF00C00343031 /* Resources */ = {
			isa = PBXResourcesBuildPhase;
			buildActionMask = 2147483647;
			files = (
				6B876768270EF00E00343031 /* LaunchScreen.storyboard in Resources */,
				6B876765270EF00E00343031 /* Assets.xcassets in Resources */,
				6B876763270EF00C00343031 /* Main.storyboard in Resources */,
			);
			runOnlyForDeploymentPostprocessing = 0;
		};
		6B87676C270EF00E00343031 /* Resources */ = {
			isa = PBXResourcesBuildPhase;
			buildActionMask = 2147483647;
			files = (
			);
			runOnlyForDeploymentPostprocessing = 0;
		};
		6B876777270EF00E00343031 /* Resources */ = {
			isa = PBXResourcesBuildPhase;
			buildActionMask = 2147483647;
			files = (
			);
			runOnlyForDeploymentPostprocessing = 0;
		};
/* End PBXResourcesBuildPhase section */

/* Begin PBXSourcesBuildPhase section */
		6B876754270EF00C00343031 /* Sources */ = {
			isa = PBXSourcesBuildPhase;
			buildActionMask = 2147483647;
			files = (
				6B876760270EF00C00343031 /* ViewController.swift in Sources */,
				6B9D4B942719928D00F39B96 /* customTableVIewCell2.swift in Sources */,
				6B4668F027118DF5001EEE13 /* ViewController2.swift in Sources */,
				6B4668F22711A6DE001EEE13 /* customTableViewCell.swift in Sources */,
				6B87675C270EF00C00343031 /* AppDelegate.swift in Sources */,
				6B87675E270EF00C00343031 /* SceneDelegate.swift in Sources */,
			);
			runOnlyForDeploymentPostprocessing = 0;
		};
		6B87676A270EF00E00343031 /* Sources */ = {
			isa = PBXSourcesBuildPhase;
			buildActionMask = 2147483647;
			files = (
				6B876773270EF00E00343031 /* UTS_c14190189Tests.swift in Sources */,
			);
			runOnlyForDeploymentPostprocessing = 0;
		};
		6B876775270EF00E00343031 /* Sources */ = {
			isa = PBXSourcesBuildPhase;
			buildActionMask = 2147483647;
			files = (
				6B87677E270EF00E00343031 /* UTS_c14190189UITests.swift in Sources */,
			);
			runOnlyForDeploymentPostprocessing = 0;
		};
/* End PBXSourcesBuildPhase section */

/* Begin PBXTargetDependency section */
		6B876770270EF00E00343031 /* PBXTargetDependency */ = {
			isa = PBXTargetDependency;
			target = 6B876757270EF00C00343031 /* UTS_c14190189 */;
			targetProxy = 6B87676F270EF00E00343031 /* PBXContainerItemProxy */;
		};
		6B87677B270EF00E00343031 /* PBXTargetDependency */ = {
			isa = PBXTargetDependency;
			target = 6B876757270EF00C00343031 /* UTS_c14190189 */;
			targetProxy = 6B87677A270EF00E00343031 /* PBXContainerItemProxy */;
		};
/* End PBXTargetDependency section */

/* Begin PBXVariantGroup section */
		6B876761270EF00C00343031 /* Main.storyboard */ = {
			isa = PBXVariantGroup;
			children = (
				6B876762270EF00C00343031 /* Base */,
			);
			name = Main.storyboard;
			sourceTree = "<group>";
		};
		6B876766270EF00E00343031 /* LaunchScreen.storyboard */ = {
			isa = PBXVariantGroup;
			children = (
				6B876767270EF00E00343031 /* Base */,
			);
			name = LaunchScreen.storyboard;
			sourceTree = "<group>";
		};
/* End PBXVariantGroup section */

/* Begin XCBuildConfiguration section */
		6B876780270EF00E00343031 /* Debug */ = {
			isa = XCBuildConfiguration;
			buildSettings = {
				ALWAYS_SEARCH_USER_PATHS = NO;
				CLANG_ANALYZER_NONNULL = YES;
				CLANG_ANALYZER_NUMBER_OBJECT_CONVERSION = YES_AGGRESSIVE;
				CLANG_CXX_LANGUAGE_STANDARD = "gnu++14";
				CLANG_CXX_LIBRARY = "libc++";
				CLANG_ENABLE_MODULES = YES;
				CLANG_ENABLE_OBJC_ARC = YES;
				CLANG_ENABLE_OBJC_WEAK = YES;
				CLANG_WARN_BLOCK_CAPTURE_AUTORELEASING = YES;
				CLANG_WARN_BOOL_CONVERSION = YES;
				CLANG_WARN_COMMA = YES;
				CLANG_WARN_CONSTANT_CONVERSION = YES;
				CLANG_WARN_DEPRECATED_OBJC_IMPLEMENTATIONS = YES;
				CLANG_WARN_DIRECT_OBJC_ISA_USAGE = YES_ERROR;
				CLANG_WARN_DOCUMENTATION_COMMENTS = YES;
				CLANG_WARN_EMPTY_BODY = YES;
				CLANG_WARN_ENUM_CONVERSION = YES;
				CLANG_WARN_INFINITE_RECURSION = YES;
				CLANG_WARN_INT_CONVERSION = YES;
				CLANG_WARN_NON_LITERAL_NULL_CONVERSION = YES;
				CLANG_WARN_OBJC_IMPLICIT_RETAIN_SELF = YES;
				CLANG_WARN_OBJC_LITERAL_CONVERSION = YES;
				CLANG_WARN_OBJC_ROOT_CLASS = YES_ERROR;
				CLANG_WARN_QUOTED_INCLUDE_IN_FRAMEWORK_HEADER = YES;
				CLANG_WARN_RANGE_LOOP_ANALYSIS = YES;
				CLANG_WARN_STRICT_PROTOTYPES = YES;
				CLANG_WARN_SUSPICIOUS_MOVE = YES;
				CLANG_WARN_UNGUARDED_AVAILABILITY = YES_AGGRESSIVE;
				CLANG_WARN_UNREACHABLE_CODE = YES;
				CLANG_WARN__DUPLICATE_METHOD_MATCH = YES;
				COPY_PHASE_STRIP = NO;
				DEBUG_INFORMATION_FORMAT = dwarf;
				ENABLE_STRICT_OBJC_MSGSEND = YES;
				ENABLE_TESTABILITY = YES;
				GCC_C_LANGUAGE_STANDARD = gnu11;
				GCC_DYNAMIC_NO_PIC = NO;
				GCC_NO_COMMON_BLOCKS = YES;
				GCC_OPTIMIZATION_LEVEL = 0;
				GCC_PREPROCESSOR_DEFINITIONS = (
					"DEBUG=1",
					"$(inherited)",
				);
				GCC_WARN_64_TO_32_BIT_CONVERSION = YES;
				GCC_WARN_ABOUT_RETURN_TYPE = YES_ERROR;
				GCC_WARN_UNDECLARED_SELECTOR = YES;
				GCC_WARN_UNINITIALIZED_AUTOS = YES_AGGRESSIVE;
				GCC_WARN_UNUSED_FUNCTION = YES;
				GCC_WARN_UNUSED_VARIABLE = YES;
				IPHONEOS_DEPLOYMENT_TARGET = 14.5;
				MTL_ENABLE_DEBUG_INFO = INCLUDE_SOURCE;
				MTL_FAST_MATH = YES;
				ONLY_ACTIVE_ARCH = YES;
				SDKROOT = iphoneos;
				SWIFT_ACTIVE_COMPILATION_CONDITIONS = DEBUG;
				SWIFT_OPTIMIZATION_LEVEL = "-Onone";
			};
			name = Debug;
		};
		6B876781270EF00E00343031 /* Release */ = {
			isa = XCBuildConfiguration;
			buildSettings = {
				ALWAYS_SEARCH_USER_PATHS = NO;
				CLANG_ANALYZER_NONNULL = YES;
				CLANG_ANALYZER_NUMBER_OBJECT_CONVERSION = YES_AGGRESSIVE;
				CLANG_CXX_LANGUAGE_STANDARD = "gnu++14";
				CLANG_CXX_LIBRARY = "libc++";
				CLANG_ENABLE_MODULES = YES;
				CLANG_ENABLE_OBJC_ARC = YES;
				CLANG_ENABLE_OBJC_WEAK = YES;
				CLANG_WARN_BLOCK_CAPTURE_AUTORELEASING = YES;
				CLANG_WARN_BOOL_CONVERSION = YES;
				CLANG_WARN_COMMA = YES;
				CLANG_WARN_CONSTANT_CONVERSION = YES;
				CLANG_WARN_DEPRECATED_OBJC_IMPLEMENTATIONS = YES;
				CLANG_WARN_DIRECT_OBJC_ISA_USAGE = YES_ERROR;
				CLANG_WARN_DOCUMENTATION_COMMENTS = YES;
				CLANG_WARN_EMPTY_BODY = YES;
				CLANG_WARN_ENUM_CONVERSION = YES;
				CLANG_WARN_INFINITE_RECURSION = YES;
				CLANG_WARN_INT_CONVERSION = YES;
				CLANG_WARN_NON_LITERAL_NULL_CONVERSION = YES;
				CLANG_WARN_OBJC_IMPLICIT_RETAIN_SELF = YES;
				CLANG_WARN_OBJC_LITERAL_CONVERSION = YES;
				CLANG_WARN_OBJC_ROOT_CLASS = YES_ERROR;
				CLANG_WARN_QUOTED_INCLUDE_IN_FRAMEWORK_HEADER = YES;
				CLANG_WARN_RANGE_LOOP_ANALYSIS = YES;
				CLANG_WARN_STRICT_PROTOTYPES = YES;
				CLANG_WARN_SUSPICIOUS_MOVE = YES;
				CLANG_WARN_UNGUARDED_AVAILABILITY = YES_AGGRESSIVE;
				CLANG_WARN_UNREACHABLE_CODE = YES;
				CLANG_WARN__DUPLICATE_METHOD_MATCH = YES;
				COPY_PHASE_STRIP = NO;
				DEBUG_INFORMATION_FORMAT = "dwarf-with-dsym";
				ENABLE_NS_ASSERTIONS = NO;
				ENABLE_STRICT_OBJC_MSGSEND = YES;
				GCC_C_LANGUAGE_STANDARD = gnu11;
				GCC_NO_COMMON_BLOCKS = YES;
				GCC_WARN_64_TO_32_BIT_CONVERSION = YES;
				GCC_WARN_ABOUT_RETURN_TYPE = YES_ERROR;
				GCC_WARN_UNDECLARED_SELECTOR = YES;
				GCC_WARN_UNINITIALIZED_AUTOS = YES_AGGRESSIVE;
				GCC_WARN_UNUSED_FUNCTION = YES;
				GCC_WARN_UNUSED_VARIABLE = YES;
				IPHONEOS_DEPLOYMENT_TARGET = 14.5;
				MTL_ENABLE_DEBUG_INFO = NO;
				MTL_FAST_MATH = YES;
				SDKROOT = iphoneos;
				SWIFT_COMPILATION_MODE = wholemodule;
				SWIFT_OPTIMIZATION_LEVEL = "-O";
				VALIDATE_PRODUCT = YES;
			};
			name = Release;
		};
		6B876783270EF00E00343031 /* Debug */ = {
			isa = XCBuildConfiguration;
			buildSettings = {
				ASSETCATALOG_COMPILER_APPICON_NAME = AppIcon;
				ASSETCATALOG_COMPILER_GLOBAL_ACCENT_COLOR_NAME = AccentColor;
				CODE_SIGN_STYLE = Automatic;
				INFOPLIST_FILE = UTS_c14190189/Info.plist;
				LD_RUNPATH_SEARCH_PATHS = (
					"$(inherited)",
					"@executable_path/Frameworks",
				);
				PRODUCT_BUNDLE_IDENTIFIER = "iverson.UTS-c14190189";
				PRODUCT_NAME = "$(TARGET_NAME)";
				SWIFT_VERSION = 5.0;
				TARGETED_DEVICE_FAMILY = "1,2";
			};
			name = Debug;
		};
		6B876784270EF00E00343031 /* Release */ = {
			isa = XCBuildConfiguration;
			buildSettings = {
				ASSETCATALOG_COMPILER_APPICON_NAME = AppIcon;
				ASSETCATALOG_COMPILER_GLOBAL_ACCENT_COLOR_NAME = AccentColor;
				CODE_SIGN_STYLE = Automatic;
				INFOPLIST_FILE = UTS_c14190189/Info.plist;
				LD_RUNPATH_SEARCH_PATHS = (
					"$(inherited)",
					"@executable_path/Frameworks",
				);
				PRODUCT_BUNDLE_IDENTIFIER = "iverson.UTS-c14190189";
				PRODUCT_NAME = "$(TARGET_NAME)";
				SWIFT_VERSION = 5.0;
				TARGETED_DEVICE_FAMILY = "1,2";
			};
			name = Release;
		};
		6B876786270EF00E00343031 /* Debug */ = {
			isa = XCBuildConfiguration;
			buildSettings = {
				ALWAYS_EMBED_SWIFT_STANDARD_LIBRARIES = YES;
				BUNDLE_LOADER = "$(TEST_HOST)";
				CODE_SIGN_STYLE = Automatic;
				INFOPLIST_FILE = UTS_c14190189Tests/Info.plist;
				IPHONEOS_DEPLOYMENT_TARGET = 14.5;
				LD_RUNPATH_SEARCH_PATHS = (
					"$(inherited)",
					"@executable_path/Frameworks",
					"@loader_path/Frameworks",
				);
				PRODUCT_BUNDLE_IDENTIFIER = "iverson.UTS-c14190189Tests";
				PRODUCT_NAME = "$(TARGET_NAME)";
				SWIFT_VERSION = 5.0;
				TARGETED_DEVICE_FAMILY = "1,2";
				TEST_HOST = "$(BUILT_PRODUCTS_DIR)/UTS_c14190189.app/UTS_c14190189";
			};
			name = Debug;
		};
		6B876787270EF00E00343031 /* Release */ = {
			isa = XCBuildConfiguration;
			buildSettings = {
				ALWAYS_EMBED_SWIFT_STANDARD_LIBRARIES = YES;
				BUNDLE_LOADER = "$(TEST_HOST)";
				CODE_SIGN_STYLE = Automatic;
				INFOPLIST_FILE = UTS_c14190189Tests/Info.plist;
				IPHONEOS_DEPLOYMENT_TARGET = 14.5;
				LD_RUNPATH_SEARCH_PATHS = (
					"$(inherited)",
					"@executable_path/Frameworks",
					"@loader_path/Frameworks",
				);
				PRODUCT_BUNDLE_IDENTIFIER = "iverson.UTS-c14190189Tests";
				PRODUCT_NAME = "$(TARGET_NAME)";
				SWIFT_VERSION = 5.0;
				TARGETED_DEVICE_FAMILY = "1,2";
				TEST_HOST = "$(BUILT_PRODUCTS_DIR)/UTS_c14190189.app/UTS_c14190189";
			};
			name = Release;
		};
		6B876789270EF00E00343031 /* Debug */ = {
			isa = XCBuildConfiguration;
			buildSettings = {
				ALWAYS_EMBED_SWIFT_STANDARD_LIBRARIES = YES;
				CODE_SIGN_STYLE = Automatic;
				INFOPLIST_FILE = UTS_c14190189UITests/Info.plist;
				LD_RUNPATH_SEARCH_PATHS = (
					"$(inherited)",
					"@executable_path/Frameworks",
					"@loader_path/Frameworks",
				);
				PRODUCT_BUNDLE_IDENTIFIER = "iverson.UTS-c14190189UITests";
				PRODUCT_NAME = "$(TARGET_NAME)";
				SWIFT_VERSION = 5.0;
				TARGETED_DEVICE_FAMILY = "1,2";
				TEST_TARGET_NAME = UTS_c14190189;
			};
			name = Debug;
		};
		6B87678A270EF00E00343031 /* Release */ = {
			isa = XCBuildConfiguration;
			buildSettings = {
				ALWAYS_EMBED_SWIFT_STANDARD_LIBRARIES = YES;
				CODE_SIGN_STYLE = Automatic;
				INFOPLIST_FILE = UTS_c14190189UITests/Info.plist;
				LD_RUNPATH_SEARCH_PATHS = (
					"$(inherited)",
					"@executable_path/Frameworks",
					"@loader_path/Frameworks",
				);
				PRODUCT_BUNDLE_IDENTIFIER = "iverson.UTS-c14190189UITests";
				PRODUCT_NAME = "$(TARGET_NAME)";
				SWIFT_VERSION = 5.0;
				TARGETED_DEVICE_FAMILY = "1,2";
				TEST_TARGET_NAME = UTS_c14190189;
			};
			name = Release;
		};
/* End XCBuildConfiguration section */

/* Begin XCConfigurationList section */
		6B876753270EF00C00343031 /* Build configuration list for PBXProject "UTS_c14190189" */ = {
			isa = XCConfigurationList;
			buildConfigurations = (
				6B876780270EF00E00343031 /* Debug */,
				6B876781270EF00E00343031 /* Release */,
			);
			defaultConfigurationIsVisible = 0;
			defaultConfigurationName = Release;
		};
		6B876782270EF00E00343031 /* Build configuration list for PBXNativeTarget "UTS_c14190189" */ = {
			isa = XCConfigurationList;
			buildConfigurations = (
				6B876783270EF00E00343031 /* Debug */,
				6B876784270EF00E00343031 /* Release */,
			);
			defaultConfigurationIsVisible = 0;
			defaultConfigurationName = Release;
		};
		6B876785270EF00E00343031 /* Build configuration list for PBXNativeTarget "UTS_c14190189Tests" */ = {
			isa = XCConfigurationList;
			buildConfigurations = (
				6B876786270EF00E00343031 /* Debug */,
				6B876787270EF00E00343031 /* Release */,
			);
			defaultConfigurationIsVisible = 0;
			defaultConfigurationName = Release;
		};
		6B876788270EF00E00343031 /* Build configuration list for PBXNativeTarget "UTS_c14190189UITests" */ = {
			isa = XCConfigurationList;
			buildConfigurations = (
				6B876789270EF00E00343031 /* Debug */,
				6B87678A270EF00E00343031 /* Release */,
			);
			defaultConfigurationIsVisible = 0;
			defaultConfigurationName = Release;
		};
/* End XCConfigurationList section */
	};
	rootObject = 6B876750270EF00C00343031 /* Project object */;
}
